
Microsoft Visual Studio Solution File, Format Version 12.00
# Visual Studio Version 16
VisualStudioVersion = 16.0.31624.102
MinimumVisualStudioVersion = 10.0.40219.1
Project("{FAE04EC0-301F-11D3-BF4B-00C04F79EFBC}") = "ConsumiendoWebService", "ConsumiendoWebService\ConsumiendoWebService.csproj", "{87190A38-E156-414D-A4A2-6F838A12461A}"
EndProject
Global
	GlobalSection(SolutionConfigurationPlatforms) = preSolution
		Debug|Any CPU = Debug|Any CPU
		Release|Any CPU = Release|Any CPU
	EndGlobalSection
	GlobalSection(ProjectConfigurationPlatforms) = postSolution
		{87190A38-E156-414D-A4A2-6F838A12461A}.Debug|Any CPU.ActiveCfg = Debug|Any CPU
		{87190A38-E156-414D-A4A2-6F838A12461A}.Debug|Any CPU.Build.0 = Debug|Any CPU
		{87190A38-E156-414D-A4A2-6F838A12461A}.Release|Any CPU.ActiveCfg = Release|Any CPU
		{87190A38-E156-414D-A4A2-6F838A12461A}.Release|Any CPU.Build.0 = Release|Any CPU
	EndGlobalSection
	GlobalSection(SolutionProperties) = preSolution
		HideSolutionNode = FALSE
	EndGlobalSection
	GlobalSection(ExtensibilityGlobals) = postSolution
		SolutionGuid = {81BC97B5-109F-4887-ADE3-C0D4134FBA21}
	EndGlobalSection
EndGlobal
